
Microsoft Visual Studio Solution File, Format Version 12.00
# Visual Studio Version 17
VisualStudioVersion = 17.9.34728.123
MinimumVisualStudioVersion = 10.0.40219.1
Project("{9A19103F-16F7-4668-BE54-9A1E7A4F7556}") = "LE.Web", "LE.Web\LE.Web.csproj", "{EF15E095-45DE-42DA-ACBB-C772467F76F7}"
EndProject
Project("{9A19103F-16F7-4668-BE54-9A1E7A4F7556}") = "LE.Entities", "LE.Entities\LE.Entities.csproj", "{FE6A6E4A-016D-42E0-9CC7-C406B46676B2}"
EndProject
Project("{9A19103F-16F7-4668-BE54-9A1E7A4F7556}") = "LE.Context", "LE.Context\LE.Context.csproj", "{B89F9B0A-4998-4495-8102-EE775B0A9BD9}"
EndProject
Project("{9A19103F-16F7-4668-BE54-9A1E7A4F7556}") = "LE.Common", "LE.Common\LE.Common.csproj", "{76602A09-1C9E-4BC6-874E-44B7B74F3EB5}"
EndProject
Project("{2150E333-8FDC-42A3-9474-1A3956D46DE8}") = "src", "src", "{7823EBFF-069C-4AC0-8919-B5BA747E7866}"
	ProjectSection(SolutionItems) = preProject
		.dockerignore = .dockerignore
		LE.Web\Dockerfile = LE.Web\Dockerfile
	EndProjectSection
EndProject
Project("{2150E333-8FDC-42A3-9474-1A3956D46DE8}") = "Libraries", "Libraries", "{CB9D808C-AE09-4994-B35E-908C92843E0D}"
EndProject
Project("{2150E333-8FDC-42A3-9474-1A3956D46DE8}") = "Modules", "Modules", "{9949FB3D-33E0-4D31-8F64-BDA8CBF5895A}"
EndProject
Project("{2150E333-8FDC-42A3-9474-1A3956D46DE8}") = "Web", "Web", "{2DD98621-4632-4540-80F7-886077B635D8}"
EndProject
Project("{9A19103F-16F7-4668-BE54-9A1E7A4F7556}") = "LE.Infrastructure", "LE.Infrastructure\LE.Infrastructure.csproj", "{BA0CDBAC-A685-4F2C-9B32-2DD29FB908B9}"
EndProject
Project("{9A19103F-16F7-4668-BE54-9A1E7A4F7556}") = "LE.Service", "LE.Service\LE.Service.csproj", "{92ADC4A4-131F-4707-9D74-8B16693935A9}"
EndProject
Project("{2150E333-8FDC-42A3-9474-1A3956D46DE8}") = "Account", "Account", "{900D562F-AAE6-41C0-B4E4-35EC50474D35}"
EndProject
Project("{2150E333-8FDC-42A3-9474-1A3956D46DE8}") = "Billing", "Billing", "{A9F7F29E-32EC-40BA-BB8A-F3C018C47F9D}"
EndProject
Project("{9A19103F-16F7-4668-BE54-9A1E7A4F7556}") = "LE.Account.Entities", "LE.Account.Entities\LE.Account.Entities.csproj", "{37C4415C-D14B-4B18-8780-70B25AAED11A}"
EndProject
Project("{9A19103F-16F7-4668-BE54-9A1E7A4F7556}") = "LE.Billing.Entities", "LE.Billing.Entities\LE.Billing.Entities.csproj", "{535F6E42-173A-4100-BF0E-8070EC1ED35D}"
EndProject
Project("{9A19103F-16F7-4668-BE54-9A1E7A4F7556}") = "LE.Billing.Infrastructure", "LE.Billing.Infrastructure\LE.Billing.Infrastructure.csproj", "{1D70D0B8-24E1-4B8B-8CCA-2505C119CEB6}"
EndProject
Project("{9A19103F-16F7-4668-BE54-9A1E7A4F7556}") = "LE.Billing.Service", "LE.Billing.Service\LE.Billing.Service.csproj", "{461EA66B-4115-41D4-A6AD-A83E369D9509}"
EndProject
Project("{2150E333-8FDC-42A3-9474-1A3956D46DE8}") = "Inventory", "Inventory", "{A76EAC27-68D9-492C-A562-BCE3ADD9EF68}"
EndProject
Project("{9A19103F-16F7-4668-BE54-9A1E7A4F7556}") = "LE.Inventory.Entities", "LE.Inventory.Entities\LE.Inventory.Entities.csproj", "{63BED67F-6D4B-4332-9937-DC14AABDDF61}"
EndProject
Project("{9A19103F-16F7-4668-BE54-9A1E7A4F7556}") = "LE.Inventory.Infrastructure", "LE.Inventory.Infrastructure\LE.Inventory.Infrastructure.csproj", "{939C429E-3958-456F-941E-6407F3F2F7A0}"
EndProject
Project("{9A19103F-16F7-4668-BE54-9A1E7A4F7556}") = "LE.Inventory.Service", "LE.Inventory.Service\LE.Inventory.Service.csproj", "{1B7D31CA-15AF-4CA5-8417-C1A1A9D71082}"
EndProject
Project("{9A19103F-16F7-4668-BE54-9A1E7A4F7556}") = "LE.Inventory.Common", "LE.Inventory.Common\LE.Inventory.Common.csproj", "{DDBEE5A3-3886-4344-AE6B-1086308ADF22}"
EndProject
Project("{9A19103F-16F7-4668-BE54-9A1E7A4F7556}") = "LE.Billing.Common", "LE.Billing.Common\LE.Billing.Common.csproj", "{A00745AC-A241-497A-83B3-EEE2F19CEEE6}"
EndProject
Project("{2150E333-8FDC-42A3-9474-1A3956D46DE8}") = "Integration", "Integration", "{5C2A0650-FA95-4315-9732-4C73147136C6}"
EndProject
Project("{9A19103F-16F7-4668-BE54-9A1E7A4F7556}") = "LE.Integration", "LE.Integration\LE.Integration.csproj", "{1C90E6BC-CC2C-4004-821C-F670538B268E}"
EndProject
Project("{9A19103F-16F7-4668-BE54-9A1E7A4F7556}") = "LE.Billing.Factories", "LE.Billing.Factories\LE.Billing.Factories.csproj", "{BBFFC72A-AA26-4E58-A81E-EB569BD76174}"
EndProject
Project("{9A19103F-16F7-4668-BE54-9A1E7A4F7556}") = "LE.Account.Infrastructure", "LE.Account.Infrastructure\LE.Account.Infrastructure.csproj", "{309E725C-CD83-4BF4-9DC6-2035C742292E}"
EndProject
Project("{9A19103F-16F7-4668-BE54-9A1E7A4F7556}") = "LE.Account.Service", "LE.Account.Service\LE.Account.Service.csproj", "{0803AB92-2980-4F85-A4BF-90CC38D6D104}"
EndProject
Project("{9A19103F-16F7-4668-BE54-9A1E7A4F7556}") = "LE.Account.Common", "LE.Account.Common\LE.Account.Common.csproj", "{46B42CEA-1781-4428-8FE6-9BB9FDEDD9E0}"
EndProject
Project("{9A19103F-16F7-4668-BE54-9A1E7A4F7556}") = "LE.Account.Factories", "LE.Account.Factories\LE.Account.Factories.csproj", "{1D2ED004-0BDA-4E35-81FC-6D26D199BC17}"
EndProject
Global
	GlobalSection(SolutionConfigurationPlatforms) = preSolution
		Debug|Any CPU = Debug|Any CPU
		Debug|x86 = Debug|x86
		Release|Any CPU = Release|Any CPU
		Release|x86 = Release|x86
	EndGlobalSection
	GlobalSection(ProjectConfigurationPlatforms) = postSolution
		{EF15E095-45DE-42DA-ACBB-C772467F76F7}.Debug|Any CPU.ActiveCfg = Debug|Any CPU
		{EF15E095-45DE-42DA-ACBB-C772467F76F7}.Debug|Any CPU.Build.0 = Debug|Any CPU
		{EF15E095-45DE-42DA-ACBB-C772467F76F7}.Debug|x86.ActiveCfg = Debug|Any CPU
		{EF15E095-45DE-42DA-ACBB-C772467F76F7}.Debug|x86.Build.0 = Debug|Any CPU
		{EF15E095-45DE-42DA-ACBB-C772467F76F7}.Release|Any CPU.ActiveCfg = Release|Any CPU
		{EF15E095-45DE-42DA-ACBB-C772467F76F7}.Release|Any CPU.Build.0 = Release|Any CPU
		{EF15E095-45DE-42DA-ACBB-C772467F76F7}.Release|x86.ActiveCfg = Release|Any CPU
		{EF15E095-45DE-42DA-ACBB-C772467F76F7}.Release|x86.Build.0 = Release|Any CPU
		{FE6A6E4A-016D-42E0-9CC7-C406B46676B2}.Debug|Any CPU.ActiveCfg = Debug|Any CPU
		{FE6A6E4A-016D-42E0-9CC7-C406B46676B2}.Debug|Any CPU.Build.0 = Debug|Any CPU
		{FE6A6E4A-016D-42E0-9CC7-C406B46676B2}.Debug|x86.ActiveCfg = Debug|Any CPU
		{FE6A6E4A-016D-42E0-9CC7-C406B46676B2}.Debug|x86.Build.0 = Debug|Any CPU
		{FE6A6E4A-016D-42E0-9CC7-C406B46676B2}.Release|Any CPU.ActiveCfg = Release|Any CPU
		{FE6A6E4A-016D-42E0-9CC7-C406B46676B2}.Release|Any CPU.Build.0 = Release|Any CPU
		{FE6A6E4A-016D-42E0-9CC7-C406B46676B2}.Release|x86.ActiveCfg = Release|Any CPU
		{FE6A6E4A-016D-42E0-9CC7-C406B46676B2}.Release|x86.Build.0 = Release|Any CPU
		{B89F9B0A-4998-4495-8102-EE775B0A9BD9}.Debug|Any CPU.ActiveCfg = Debug|Any CPU
		{B89F9B0A-4998-4495-8102-EE775B0A9BD9}.Debug|Any CPU.Build.0 = Debug|Any CPU
		{B89F9B0A-4998-4495-8102-EE775B0A9BD9}.Debug|x86.ActiveCfg = Debug|Any CPU
		{B89F9B0A-4998-4495-8102-EE775B0A9BD9}.Debug|x86.Build.0 = Debug|Any CPU
		{B89F9B0A-4998-4495-8102-EE775B0A9BD9}.Release|Any CPU.ActiveCfg = Release|Any CPU
		{B89F9B0A-4998-4495-8102-EE775B0A9BD9}.Release|Any CPU.Build.0 = Release|Any CPU
		{B89F9B0A-4998-4495-8102-EE775B0A9BD9}.Release|x86.ActiveCfg = Release|Any CPU
		{B89F9B0A-4998-4495-8102-EE775B0A9BD9}.Release|x86.Build.0 = Release|Any CPU
		{76602A09-1C9E-4BC6-874E-44B7B74F3EB5}.Debug|Any CPU.ActiveCfg = Debug|Any CPU
		{76602A09-1C9E-4BC6-874E-44B7B74F3EB5}.Debug|Any CPU.Build.0 = Debug|Any CPU
		{76602A09-1C9E-4BC6-874E-44B7B74F3EB5}.Debug|x86.ActiveCfg = Debug|Any CPU
		{76602A09-1C9E-4BC6-874E-44B7B74F3EB5}.Debug|x86.Build.0 = Debug|Any CPU
		{76602A09-1C9E-4BC6-874E-44B7B74F3EB5}.Release|Any CPU.ActiveCfg = Release|Any CPU
		{76602A09-1C9E-4BC6-874E-44B7B74F3EB5}.Release|Any CPU.Build.0 = Release|Any CPU
		{76602A09-1C9E-4BC6-874E-44B7B74F3EB5}.Release|x86.ActiveCfg = Release|Any CPU
		{76602A09-1C9E-4BC6-874E-44B7B74F3EB5}.Release|x86.Build.0 = Release|Any CPU
		{BA0CDBAC-A685-4F2C-9B32-2DD29FB908B9}.Debug|Any CPU.ActiveCfg = Debug|Any CPU
		{BA0CDBAC-A685-4F2C-9B32-2DD29FB908B9}.Debug|Any CPU.Build.0 = Debug|Any CPU
		{BA0CDBAC-A685-4F2C-9B32-2DD29FB908B9}.Debug|x86.ActiveCfg = Debug|Any CPU
		{BA0CDBAC-A685-4F2C-9B32-2DD29FB908B9}.Debug|x86.Build.0 = Debug|Any CPU
		{BA0CDBAC-A685-4F2C-9B32-2DD29FB908B9}.Release|Any CPU.ActiveCfg = Release|Any CPU
		{BA0CDBAC-A685-4F2C-9B32-2DD29FB908B9}.Release|Any CPU.Build.0 = Release|Any CPU
		{BA0CDBAC-A685-4F2C-9B32-2DD29FB908B9}.Release|x86.ActiveCfg = Release|Any CPU
		{BA0CDBAC-A685-4F2C-9B32-2DD29FB908B9}.Release|x86.Build.0 = Release|Any CPU
		{92ADC4A4-131F-4707-9D74-8B16693935A9}.Debug|Any CPU.ActiveCfg = Debug|Any CPU
		{92ADC4A4-131F-4707-9D74-8B16693935A9}.Debug|Any CPU.Build.0 = Debug|Any CPU
		{92ADC4A4-131F-4707-9D74-8B16693935A9}.Debug|x86.ActiveCfg = Debug|Any CPU
		{92ADC4A4-131F-4707-9D74-8B16693935A9}.Debug|x86.Build.0 = Debug|Any CPU
		{92ADC4A4-131F-4707-9D74-8B16693935A9}.Release|Any CPU.ActiveCfg = Release|Any CPU
		{92ADC4A4-131F-4707-9D74-8B16693935A9}.Release|Any CPU.Build.0 = Release|Any CPU
		{92ADC4A4-131F-4707-9D74-8B16693935A9}.Release|x86.ActiveCfg = Release|Any CPU
		{92ADC4A4-131F-4707-9D74-8B16693935A9}.Release|x86.Build.0 = Release|Any CPU
		{37C4415C-D14B-4B18-8780-70B25AAED11A}.Debug|Any CPU.ActiveCfg = Debug|Any CPU
		{37C4415C-D14B-4B18-8780-70B25AAED11A}.Debug|Any CPU.Build.0 = Debug|Any CPU
		{37C4415C-D14B-4B18-8780-70B25AAED11A}.Debug|x86.ActiveCfg = Debug|Any CPU
		{37C4415C-D14B-4B18-8780-70B25AAED11A}.Debug|x86.Build.0 = Debug|Any CPU
		{37C4415C-D14B-4B18-8780-70B25AAED11A}.Release|Any CPU.ActiveCfg = Release|Any CPU
		{37C4415C-D14B-4B18-8780-70B25AAED11A}.Release|Any CPU.Build.0 = Release|Any CPU
		{37C4415C-D14B-4B18-8780-70B25AAED11A}.Release|x86.ActiveCfg = Release|Any CPU
		{37C4415C-D14B-4B18-8780-70B25AAED11A}.Release|x86.Build.0 = Release|Any CPU
		{535F6E42-173A-4100-BF0E-8070EC1ED35D}.Debug|Any CPU.ActiveCfg = Debug|Any CPU
		{535F6E42-173A-4100-BF0E-8070EC1ED35D}.Debug|Any CPU.Build.0 = Debug|Any CPU
		{535F6E42-173A-4100-BF0E-8070EC1ED35D}.Debug|x86.ActiveCfg = Debug|Any CPU
		{535F6E42-173A-4100-BF0E-8070EC1ED35D}.Debug|x86.Build.0 = Debug|Any CPU
		{535F6E42-173A-4100-BF0E-8070EC1ED35D}.Release|Any CPU.ActiveCfg = Release|Any CPU
		{535F6E42-173A-4100-BF0E-8070EC1ED35D}.Release|Any CPU.Build.0 = Release|Any CPU
		{535F6E42-173A-4100-BF0E-8070EC1ED35D}.Release|x86.ActiveCfg = Release|Any CPU
		{535F6E42-173A-4100-BF0E-8070EC1ED35D}.Release|x86.Build.0 = Release|Any CPU
		{1D70D0B8-24E1-4B8B-8CCA-2505C119CEB6}.Debug|Any CPU.ActiveCfg = Debug|Any CPU
		{1D70D0B8-24E1-4B8B-8CCA-2505C119CEB6}.Debug|Any CPU.Build.0 = Debug|Any CPU
		{1D70D0B8-24E1-4B8B-8CCA-2505C119CEB6}.Debug|x86.ActiveCfg = Debug|Any CPU
		{1D70D0B8-24E1-4B8B-8CCA-2505C119CEB6}.Debug|x86.Build.0 = Debug|Any CPU
		{1D70D0B8-24E1-4B8B-8CCA-2505C119CEB6}.Release|Any CPU.ActiveCfg = Release|Any CPU
		{1D70D0B8-24E1-4B8B-8CCA-2505C119CEB6}.Release|Any CPU.Build.0 = Release|Any CPU
		{1D70D0B8-24E1-4B8B-8CCA-2505C119CEB6}.Release|x86.ActiveCfg = Release|Any CPU
		{1D70D0B8-24E1-4B8B-8CCA-2505C119CEB6}.Release|x86.Build.0 = Release|Any CPU
		{461EA66B-4115-41D4-A6AD-A83E369D9509}.Debug|Any CPU.ActiveCfg = Debug|Any CPU
		{461EA66B-4115-41D4-A6AD-A83E369D9509}.Debug|Any CPU.Build.0 = Debug|Any CPU
		{461EA66B-4115-41D4-A6AD-A83E369D9509}.Debug|x86.ActiveCfg = Debug|Any CPU
		{461EA66B-4115-41D4-A6AD-A83E369D9509}.Debug|x86.Build.0 = Debug|Any CPU
		{461EA66B-4115-41D4-A6AD-A83E369D9509}.Release|Any CPU.ActiveCfg = Release|Any CPU
		{461EA66B-4115-41D4-A6AD-A83E369D9509}.Release|Any CPU.Build.0 = Release|Any CPU
		{461EA66B-4115-41D4-A6AD-A83E369D9509}.Release|x86.ActiveCfg = Release|Any CPU
		{461EA66B-4115-41D4-A6AD-A83E369D9509}.Release|x86.Build.0 = Release|Any CPU
		{63BED67F-6D4B-4332-9937-DC14AABDDF61}.Debug|Any CPU.ActiveCfg = Debug|Any CPU
		{63BED67F-6D4B-4332-9937-DC14AABDDF61}.Debug|Any CPU.Build.0 = Debug|Any CPU
		{63BED67F-6D4B-4332-9937-DC14AABDDF61}.Debug|x86.ActiveCfg = Debug|Any CPU
		{63BED67F-6D4B-4332-9937-DC14AABDDF61}.Debug|x86.Build.0 = Debug|Any CPU
		{63BED67F-6D4B-4332-9937-DC14AABDDF61}.Release|Any CPU.ActiveCfg = Release|Any CPU
		{63BED67F-6D4B-4332-9937-DC14AABDDF61}.Release|Any CPU.Build.0 = Release|Any CPU
		{63BED67F-6D4B-4332-9937-DC14AABDDF61}.Release|x86.ActiveCfg = Release|Any CPU
		{63BED67F-6D4B-4332-9937-DC14AABDDF61}.Release|x86.Build.0 = Release|Any CPU
		{939C429E-3958-456F-941E-6407F3F2F7A0}.Debug|Any CPU.ActiveCfg = Debug|Any CPU
		{939C429E-3958-456F-941E-6407F3F2F7A0}.Debug|Any CPU.Build.0 = Debug|Any CPU
		{939C429E-3958-456F-941E-6407F3F2F7A0}.Debug|x86.ActiveCfg = Debug|Any CPU
		{939C429E-3958-456F-941E-6407F3F2F7A0}.Debug|x86.Build.0 = Debug|Any CPU
		{939C429E-3958-456F-941E-6407F3F2F7A0}.Release|Any CPU.ActiveCfg = Release|Any CPU
		{939C429E-3958-456F-941E-6407F3F2F7A0}.Release|Any CPU.Build.0 = Release|Any CPU
		{939C429E-3958-456F-941E-6407F3F2F7A0}.Release|x86.ActiveCfg = Release|Any CPU
		{939C429E-3958-456F-941E-6407F3F2F7A0}.Release|x86.Build.0 = Release|Any CPU
		{1B7D31CA-15AF-4CA5-8417-C1A1A9D71082}.Debug|Any CPU.ActiveCfg = Debug|Any CPU
		{1B7D31CA-15AF-4CA5-8417-C1A1A9D71082}.Debug|Any CPU.Build.0 = Debug|Any CPU
		{1B7D31CA-15AF-4CA5-8417-C1A1A9D71082}.Debug|x86.ActiveCfg = Debug|Any CPU
		{1B7D31CA-15AF-4CA5-8417-C1A1A9D71082}.Debug|x86.Build.0 = Debug|Any CPU
		{1B7D31CA-15AF-4CA5-8417-C1A1A9D71082}.Release|Any CPU.ActiveCfg = Release|Any CPU
		{1B7D31CA-15AF-4CA5-8417-C1A1A9D71082}.Release|Any CPU.Build.0 = Release|Any CPU
		{1B7D31CA-15AF-4CA5-8417-C1A1A9D71082}.Release|x86.ActiveCfg = Release|Any CPU
		{1B7D31CA-15AF-4CA5-8417-C1A1A9D71082}.Release|x86.Build.0 = Release|Any CPU
		{DDBEE5A3-3886-4344-AE6B-1086308ADF22}.Debug|Any CPU.ActiveCfg = Debug|Any CPU
		{DDBEE5A3-3886-4344-AE6B-1086308ADF22}.Debug|Any CPU.Build.0 = Debug|Any CPU
		{DDBEE5A3-3886-4344-AE6B-1086308ADF22}.Debug|x86.ActiveCfg = Debug|Any CPU
		{DDBEE5A3-3886-4344-AE6B-1086308ADF22}.Debug|x86.Build.0 = Debug|Any CPU
		{DDBEE5A3-3886-4344-AE6B-1086308ADF22}.Release|Any CPU.ActiveCfg = Release|Any CPU
		{DDBEE5A3-3886-4344-AE6B-1086308ADF22}.Release|Any CPU.Build.0 = Release|Any CPU
		{DDBEE5A3-3886-4344-AE6B-1086308ADF22}.Release|x86.ActiveCfg = Release|Any CPU
		{DDBEE5A3-3886-4344-AE6B-1086308ADF22}.Release|x86.Build.0 = Release|Any CPU
		{A00745AC-A241-497A-83B3-EEE2F19CEEE6}.Debug|Any CPU.ActiveCfg = Debug|Any CPU
		{A00745AC-A241-497A-83B3-EEE2F19CEEE6}.Debug|Any CPU.Build.0 = Debug|Any CPU
		{A00745AC-A241-497A-83B3-EEE2F19CEEE6}.Debug|x86.ActiveCfg = Debug|Any CPU
		{A00745AC-A241-497A-83B3-EEE2F19CEEE6}.Debug|x86.Build.0 = Debug|Any CPU
		{A00745AC-A241-497A-83B3-EEE2F19CEEE6}.Release|Any CPU.ActiveCfg = Release|Any CPU
		{A00745AC-A241-497A-83B3-EEE2F19CEEE6}.Release|Any CPU.Build.0 = Release|Any CPU
		{A00745AC-A241-497A-83B3-EEE2F19CEEE6}.Release|x86.ActiveCfg = Release|Any CPU
		{A00745AC-A241-497A-83B3-EEE2F19CEEE6}.Release|x86.Build.0 = Release|Any CPU
		{1C90E6BC-CC2C-4004-821C-F670538B268E}.Debug|Any CPU.ActiveCfg = Debug|Any CPU
		{1C90E6BC-CC2C-4004-821C-F670538B268E}.Debug|Any CPU.Build.0 = Debug|Any CPU
		{1C90E6BC-CC2C-4004-821C-F670538B268E}.Debug|x86.ActiveCfg = Debug|Any CPU
		{1C90E6BC-CC2C-4004-821C-F670538B268E}.Debug|x86.Build.0 = Debug|Any CPU
		{1C90E6BC-CC2C-4004-821C-F670538B268E}.Release|Any CPU.ActiveCfg = Release|Any CPU
		{1C90E6BC-CC2C-4004-821C-F670538B268E}.Release|Any CPU.Build.0 = Release|Any CPU
		{1C90E6BC-CC2C-4004-821C-F670538B268E}.Release|x86.ActiveCfg = Release|Any CPU
		{1C90E6BC-CC2C-4004-821C-F670538B268E}.Release|x86.Build.0 = Release|Any CPU
		{BBFFC72A-AA26-4E58-A81E-EB569BD76174}.Debug|Any CPU.ActiveCfg = Debug|Any CPU
		{BBFFC72A-AA26-4E58-A81E-EB569BD76174}.Debug|Any CPU.Build.0 = Debug|Any CPU
		{BBFFC72A-AA26-4E58-A81E-EB569BD76174}.Debug|x86.ActiveCfg = Debug|Any CPU
		{BBFFC72A-AA26-4E58-A81E-EB569BD76174}.Debug|x86.Build.0 = Debug|Any CPU
		{BBFFC72A-AA26-4E58-A81E-EB569BD76174}.Release|Any CPU.ActiveCfg = Release|Any CPU
		{BBFFC72A-AA26-4E58-A81E-EB569BD76174}.Release|Any CPU.Build.0 = Release|Any CPU
		{BBFFC72A-AA26-4E58-A81E-EB569BD76174}.Release|x86.ActiveCfg = Release|Any CPU
		{BBFFC72A-AA26-4E58-A81E-EB569BD76174}.Release|x86.Build.0 = Release|Any CPU
		{309E725C-CD83-4BF4-9DC6-2035C742292E}.Debug|Any CPU.ActiveCfg = Debug|Any CPU
		{309E725C-CD83-4BF4-9DC6-2035C742292E}.Debug|Any CPU.Build.0 = Debug|Any CPU
		{309E725C-CD83-4BF4-9DC6-2035C742292E}.Debug|x86.ActiveCfg = Debug|Any CPU
		{309E725C-CD83-4BF4-9DC6-2035C742292E}.Debug|x86.Build.0 = Debug|Any CPU
		{309E725C-CD83-4BF4-9DC6-2035C742292E}.Release|Any CPU.ActiveCfg = Release|Any CPU
		{309E725C-CD83-4BF4-9DC6-2035C742292E}.Release|Any CPU.Build.0 = Release|Any CPU
		{309E725C-CD83-4BF4-9DC6-2035C742292E}.Release|x86.ActiveCfg = Release|Any CPU
		{309E725C-CD83-4BF4-9DC6-2035C742292E}.Release|x86.Build.0 = Release|Any CPU
		{0803AB92-2980-4F85-A4BF-90CC38D6D104}.Debug|Any CPU.ActiveCfg = Debug|Any CPU
		{0803AB92-2980-4F85-A4BF-90CC38D6D104}.Debug|Any CPU.Build.0 = Debug|Any CPU
		{0803AB92-2980-4F85-A4BF-90CC38D6D104}.Debug|x86.ActiveCfg = Debug|Any CPU
		{0803AB92-2980-4F85-A4BF-90CC38D6D104}.Debug|x86.Build.0 = Debug|Any CPU
		{0803AB92-2980-4F85-A4BF-90CC38D6D104}.Release|Any CPU.ActiveCfg = Release|Any CPU
		{0803AB92-2980-4F85-A4BF-90CC38D6D104}.Release|Any CPU.Build.0 = Release|Any CPU
		{0803AB92-2980-4F85-A4BF-90CC38D6D104}.Release|x86.ActiveCfg = Release|Any CPU
		{0803AB92-2980-4F85-A4BF-90CC38D6D104}.Release|x86.Build.0 = Release|Any CPU
		{46B42CEA-1781-4428-8FE6-9BB9FDEDD9E0}.Debug|Any CPU.ActiveCfg = Debug|Any CPU
		{46B42CEA-1781-4428-8FE6-9BB9FDEDD9E0}.Debug|Any CPU.Build.0 = Debug|Any CPU
		{46B42CEA-1781-4428-8FE6-9BB9FDEDD9E0}.Debug|x86.ActiveCfg = Debug|Any CPU
		{46B42CEA-1781-4428-8FE6-9BB9FDEDD9E0}.Debug|x86.Build.0 = Debug|Any CPU
		{46B42CEA-1781-4428-8FE6-9BB9FDEDD9E0}.Release|Any CPU.ActiveCfg = Release|Any CPU
		{46B42CEA-1781-4428-8FE6-9BB9FDEDD9E0}.Release|Any CPU.Build.0 = Release|Any CPU
		{46B42CEA-1781-4428-8FE6-9BB9FDEDD9E0}.Release|x86.ActiveCfg = Release|Any CPU
		{46B42CEA-1781-4428-8FE6-9BB9FDEDD9E0}.Release|x86.Build.0 = Release|Any CPU
		{1D2ED004-0BDA-4E35-81FC-6D26D199BC17}.Debug|Any CPU.ActiveCfg = Debug|Any CPU
		{1D2ED004-0BDA-4E35-81FC-6D26D199BC17}.Debug|Any CPU.Build.0 = Debug|Any CPU
		{1D2ED004-0BDA-4E35-81FC-6D26D199BC17}.Debug|x86.ActiveCfg = Debug|Any CPU
		{1D2ED004-0BDA-4E35-81FC-6D26D199BC17}.Debug|x86.Build.0 = Debug|Any CPU
		{1D2ED004-0BDA-4E35-81FC-6D26D199BC17}.Release|Any CPU.ActiveCfg = Release|Any CPU
		{1D2ED004-0BDA-4E35-81FC-6D26D199BC17}.Release|Any CPU.Build.0 = Release|Any CPU
		{1D2ED004-0BDA-4E35-81FC-6D26D199BC17}.Release|x86.ActiveCfg = Release|Any CPU
		{1D2ED004-0BDA-4E35-81FC-6D26D199BC17}.Release|x86.Build.0 = Release|Any CPU
	EndGlobalSection
	GlobalSection(SolutionProperties) = preSolution
		HideSolutionNode = FALSE
	EndGlobalSection
	GlobalSection(NestedProjects) = preSolution
		{EF15E095-45DE-42DA-ACBB-C772467F76F7} = {2DD98621-4632-4540-80F7-886077B635D8}
		{FE6A6E4A-016D-42E0-9CC7-C406B46676B2} = {CB9D808C-AE09-4994-B35E-908C92843E0D}
		{B89F9B0A-4998-4495-8102-EE775B0A9BD9} = {CB9D808C-AE09-4994-B35E-908C92843E0D}
		{76602A09-1C9E-4BC6-874E-44B7B74F3EB5} = {CB9D808C-AE09-4994-B35E-908C92843E0D}
		{CB9D808C-AE09-4994-B35E-908C92843E0D} = {7823EBFF-069C-4AC0-8919-B5BA747E7866}
		{9949FB3D-33E0-4D31-8F64-BDA8CBF5895A} = {7823EBFF-069C-4AC0-8919-B5BA747E7866}
		{2DD98621-4632-4540-80F7-886077B635D8} = {7823EBFF-069C-4AC0-8919-B5BA747E7866}
		{BA0CDBAC-A685-4F2C-9B32-2DD29FB908B9} = {CB9D808C-AE09-4994-B35E-908C92843E0D}
		{92ADC4A4-131F-4707-9D74-8B16693935A9} = {CB9D808C-AE09-4994-B35E-908C92843E0D}
		{900D562F-AAE6-41C0-B4E4-35EC50474D35} = {9949FB3D-33E0-4D31-8F64-BDA8CBF5895A}
		{A9F7F29E-32EC-40BA-BB8A-F3C018C47F9D} = {9949FB3D-33E0-4D31-8F64-BDA8CBF5895A}
		{37C4415C-D14B-4B18-8780-70B25AAED11A} = {900D562F-AAE6-41C0-B4E4-35EC50474D35}
		{535F6E42-173A-4100-BF0E-8070EC1ED35D} = {A9F7F29E-32EC-40BA-BB8A-F3C018C47F9D}
		{1D70D0B8-24E1-4B8B-8CCA-2505C119CEB6} = {A9F7F29E-32EC-40BA-BB8A-F3C018C47F9D}
		{461EA66B-4115-41D4-A6AD-A83E369D9509} = {A9F7F29E-32EC-40BA-BB8A-F3C018C47F9D}
		{A76EAC27-68D9-492C-A562-BCE3ADD9EF68} = {9949FB3D-33E0-4D31-8F64-BDA8CBF5895A}
		{63BED67F-6D4B-4332-9937-DC14AABDDF61} = {A76EAC27-68D9-492C-A562-BCE3ADD9EF68}
		{939C429E-3958-456F-941E-6407F3F2F7A0} = {A76EAC27-68D9-492C-A562-BCE3ADD9EF68}
		{1B7D31CA-15AF-4CA5-8417-C1A1A9D71082} = {A76EAC27-68D9-492C-A562-BCE3ADD9EF68}
		{DDBEE5A3-3886-4344-AE6B-1086308ADF22} = {A76EAC27-68D9-492C-A562-BCE3ADD9EF68}
		{A00745AC-A241-497A-83B3-EEE2F19CEEE6} = {A9F7F29E-32EC-40BA-BB8A-F3C018C47F9D}
		{5C2A0650-FA95-4315-9732-4C73147136C6} = {9949FB3D-33E0-4D31-8F64-BDA8CBF5895A}
		{1C90E6BC-CC2C-4004-821C-F670538B268E} = {5C2A0650-FA95-4315-9732-4C73147136C6}
		{BBFFC72A-AA26-4E58-A81E-EB569BD76174} = {A9F7F29E-32EC-40BA-BB8A-F3C018C47F9D}
		{309E725C-CD83-4BF4-9DC6-2035C742292E} = {900D562F-AAE6-41C0-B4E4-35EC50474D35}
		{0803AB92-2980-4F85-A4BF-90CC38D6D104} = {900D562F-AAE6-41C0-B4E4-35EC50474D35}
		{46B42CEA-1781-4428-8FE6-9BB9FDEDD9E0} = {900D562F-AAE6-41C0-B4E4-35EC50474D35}
		{1D2ED004-0BDA-4E35-81FC-6D26D199BC17} = {900D562F-AAE6-41C0-B4E4-35EC50474D35}
	EndGlobalSection
	GlobalSection(ExtensibilityGlobals) = postSolution
		SolutionGuid = {55A9DDC6-BFA6-4532-A861-6561FE6E80D3}
	EndGlobalSection
EndGlobal
